
Microsoft Visual Studio Solution File, Format Version 12.00
# Visual Studio Version 17
VisualStudioVersion = 17.1.32210.238
MinimumVisualStudioVersion = 10.0.40219.1
Project("{FAE04EC0-301F-11D3-BF4B-00C04F79EFBC}") = "AddressBookLINQ", "AddressBookLINQ\AddressBookLINQ.csproj", "{C3AE6A05-06CF-42E4-83ED-8B45D7854098}"
EndProject
Global
	GlobalSection(SolutionConfigurationPlatforms) = preSolution
		Debug|Any CPU = Debug|Any CPU
		Release|Any CPU = Release|Any CPU
	EndGlobalSection
	GlobalSection(ProjectConfigurationPlatforms) = postSolution
		{C3AE6A05-06CF-42E4-83ED-8B45D7854098}.Debug|Any CPU.ActiveCfg = Debug|Any CPU
		{C3AE6A05-06CF-42E4-83ED-8B45D7854098}.Debug|Any CPU.Build.0 = Debug|Any CPU
		{C3AE6A05-06CF-42E4-83ED-8B45D7854098}.Release|Any CPU.ActiveCfg = Release|Any CPU
		{C3AE6A05-06CF-42E4-83ED-8B45D7854098}.Release|Any CPU.Build.0 = Release|Any CPU
	EndGlobalSection
	GlobalSection(SolutionProperties) = preSolution
		HideSolutionNode = FALSE
	EndGlobalSection
	GlobalSection(ExtensibilityGlobals) = postSolution
		SolutionGuid = {1A659F7C-4612-4BB5-9893-EE2219AC1F92}
	EndGlobalSection
EndGlobal
